
Microsoft Visual Studio Solution File, Format Version 12.00
# Visual Studio Version 17
VisualStudioVersion = 17.3.32929.385
MinimumVisualStudioVersion = 10.0.40219.1
Project("{FAE04EC0-301F-11D3-BF4B-00C04F79EFBC}") = "Projeto_teste", "Projeto_teste\Projeto_teste.csproj", "{9B9DD644-DCC2-43BC-89B9-F2E5BE07E229}"
EndProject
Project("{FAE04EC0-301F-11D3-BF4B-00C04F79EFBC}") = "TesteMSteste", "TesteMSteste\TesteMSteste.csproj", "{82A84E2B-EF61-4D61-AB0A-4617B5F7B8A4}"
EndProject
Project("{FAE04EC0-301F-11D3-BF4B-00C04F79EFBC}") = "TexteXUnit", "TexteXUnit\TexteXUnit.csproj", "{F6F678E9-43F9-4DFE-8B5E-D4550A8C4C62}"
EndProject
Global
	GlobalSection(SolutionConfigurationPlatforms) = preSolution
		Debug|Any CPU = Debug|Any CPU
		Release|Any CPU = Release|Any CPU
	EndGlobalSection
	GlobalSection(ProjectConfigurationPlatforms) = postSolution
		{9B9DD644-DCC2-43BC-89B9-F2E5BE07E229}.Debug|Any CPU.ActiveCfg = Debug|Any CPU
		{9B9DD644-DCC2-43BC-89B9-F2E5BE07E229}.Debug|Any CPU.Build.0 = Debug|Any CPU
		{9B9DD644-DCC2-43BC-89B9-F2E5BE07E229}.Release|Any CPU.ActiveCfg = Release|Any CPU
		{9B9DD644-DCC2-43BC-89B9-F2E5BE07E229}.Release|Any CPU.Build.0 = Release|Any CPU
		{82A84E2B-EF61-4D61-AB0A-4617B5F7B8A4}.Debug|Any CPU.ActiveCfg = Debug|Any CPU
		{82A84E2B-EF61-4D61-AB0A-4617B5F7B8A4}.Debug|Any CPU.Build.0 = Debug|Any CPU
		{82A84E2B-EF61-4D61-AB0A-4617B5F7B8A4}.Release|Any CPU.ActiveCfg = Release|Any CPU
		{82A84E2B-EF61-4D61-AB0A-4617B5F7B8A4}.Release|Any CPU.Build.0 = Release|Any CPU
		{F6F678E9-43F9-4DFE-8B5E-D4550A8C4C62}.Debug|Any CPU.ActiveCfg = Debug|Any CPU
		{F6F678E9-43F9-4DFE-8B5E-D4550A8C4C62}.Debug|Any CPU.Build.0 = Debug|Any CPU
		{F6F678E9-43F9-4DFE-8B5E-D4550A8C4C62}.Release|Any CPU.ActiveCfg = Release|Any CPU
		{F6F678E9-43F9-4DFE-8B5E-D4550A8C4C62}.Release|Any CPU.Build.0 = Release|Any CPU
	EndGlobalSection
	GlobalSection(SolutionProperties) = preSolution
		HideSolutionNode = FALSE
	EndGlobalSection
	GlobalSection(ExtensibilityGlobals) = postSolution
		SolutionGuid = {C1DFA7EA-1175-46A9-83DC-57093F783D06}
	EndGlobalSection
EndGlobal
